
Microsoft Visual Studio Solution File, Format Version 12.00
# Visual Studio Version 17
VisualStudioVersion = 17.4.33403.182
MinimumVisualStudioVersion = 10.0.40219.1
Project("{8BC9CEB8-8B4A-11D0-8D11-00A0C91BC942}") = "Basic_programming_homework_1.1", "Basic_programming_homework_1.1.vcxproj", "{59295A06-D34C-4B69-83AC-DA7BDD25E10A}"
EndProject
Global
	GlobalSection(SolutionConfigurationPlatforms) = preSolution
		Debug|x64 = Debug|x64
		Debug|x86 = Debug|x86
		Release|x64 = Release|x64
		Release|x86 = Release|x86
	EndGlobalSection
	GlobalSection(ProjectConfigurationPlatforms) = postSolution
		{59295A06-D34C-4B69-83AC-DA7BDD25E10A}.Debug|x64.ActiveCfg = Debug|x64
		{59295A06-D34C-4B69-83AC-DA7BDD25E10A}.Debug|x64.Build.0 = Debug|x64
		{59295A06-D34C-4B69-83AC-DA7BDD25E10A}.Debug|x86.ActiveCfg = Debug|Win32
		{59295A06-D34C-4B69-83AC-DA7BDD25E10A}.Debug|x86.Build.0 = Debug|Win32
		{59295A06-D34C-4B69-83AC-DA7BDD25E10A}.Release|x64.ActiveCfg = Release|x64
		{59295A06-D34C-4B69-83AC-DA7BDD25E10A}.Release|x64.Build.0 = Release|x64
		{59295A06-D34C-4B69-83AC-DA7BDD25E10A}.Release|x86.ActiveCfg = Release|Win32
		{59295A06-D34C-4B69-83AC-DA7BDD25E10A}.Release|x86.Build.0 = Release|Win32
	EndGlobalSection
	GlobalSection(SolutionProperties) = preSolution
		HideSolutionNode = FALSE
	EndGlobalSection
	GlobalSection(ExtensibilityGlobals) = postSolution
		SolutionGuid = {1CA9C4BA-6DDD-4C22-84E2-2B6B3FBE1F0F}
	EndGlobalSection
EndGlobal
